# THIS IS AN AUTOGENERATED FILE. DO NOT EDIT THIS FILE DIRECTLY.
# yarn lockfile v1


"@babel/parser@^7.18.4":
  "integrity" "sha512-dgXcIfMuQ0kgzLB2b9tRZs7TTFFaGM2AbtA4fJgUUYukzGH4jwsS7hzQHEGs67jdehpm22vkgKwvbU+aEflgwg=="
  "resolved" "https://registry.npmjs.org/@babel/parser/-/parser-7.18.13.tgz"
  "version" "7.18.13"

"@fortawesome/fontawesome-common-types@^0.2.34":
  "integrity" "sha512-XcIn3iYbTEzGIxD0/dY5+4f019jIcEIWBiHc3KrmK/ROahwxmZ/s+tdj97p/5K0klz4zZUiMfUlYP0ajhSJjmA=="
  "resolved" "https://registry.npmjs.org/@fortawesome/fontawesome-common-types/-/fontawesome-common-types-0.2.34.tgz"
  "version" "0.2.34"

"@fortawesome/fontawesome-svg-core@^1.2.2", "@fortawesome/fontawesome-svg-core@>= 1.2.0 < 1.3":
  "integrity" "sha512-0KNN0nc5eIzaJxlv43QcDmTkDY1CqeN6J7OCGSs+fwGPdtv0yOQqRjieopBCmw+yd7uD3N2HeNL3Zm5isDleLg=="
  "resolved" "https://registry.npmjs.org/@fortawesome/fontawesome-svg-core/-/fontawesome-svg-core-1.2.34.tgz"
  "version" "1.2.34"
  dependencies:
    "@fortawesome/fontawesome-common-types" "^0.2.34"

"@fortawesome/free-brands-svg-icons@^5.2.0":
  "integrity" "sha512-YPlVjE1cEO+OJ9I9ay3TQ3I88+XkxMTYwnnddqAboxLhPNGncsHV0DjWOVLCyuAY66yPfyndWwVn4v7vuqsO1g=="
  "resolved" "https://registry.npmjs.org/@fortawesome/free-brands-svg-icons/-/free-brands-svg-icons-5.15.2.tgz"
  "version" "5.15.2"
  dependencies:
    "@fortawesome/fontawesome-common-types" "^0.2.34"

"@fortawesome/free-regular-svg-icons@^5.2.0":
  "integrity" "sha512-Uv5NQCYjyisNVTu/1Xjs+z8vwQjbfT6hiqYvQNfF0n8qdgfWLM581bAfVMQ3BCs1SPy+eEUKNcGkK4n0FihFHg=="
  "resolved" "https://registry.npmjs.org/@fortawesome/free-regular-svg-icons/-/free-regular-svg-icons-5.15.2.tgz"
  "version" "5.15.2"
  dependencies:
    "@fortawesome/fontawesome-common-types" "^0.2.34"

"@fortawesome/free-solid-svg-icons@^5.2.0":
  "integrity" "sha512-ZfCU+QjaFsdNZmOGmfqEWhzI3JOe37x5dF4kz9GeXvKn/sTxhqMtZ7mh3lBf76SvcYY5/GKFuyG7p1r4iWMQqw=="
  "resolved" "https://registry.npmjs.org/@fortawesome/free-solid-svg-icons/-/free-solid-svg-icons-5.15.2.tgz"
  "version" "5.15.2"
  dependencies:
    "@fortawesome/fontawesome-common-types" "^0.2.34"

"@fortawesome/vue-fontawesome@^0.1.1":
  "integrity" "sha512-b2+SLF31h32LSepVcXe+BQ63yvbq5qmTCy4KfFogCYm2bn68H5sDWUnX+U7MBqnM2aeEk9M7xSoqGnu+wSdY6w=="
  "resolved" "https://registry.npmjs.org/@fortawesome/vue-fontawesome/-/vue-fontawesome-0.1.10.tgz"
  "version" "0.1.10"

"@types/uuid@^8.0.0":
  "integrity" "sha512-eQ9qFW/fhfGJF8WKHGEHZEyVWfZxrT+6CLIJGBcZPfxUh/+BnEj+UCGYMlr9qZuX/2AltsvwrGqp0LhEW8D0zQ=="
  "resolved" "https://registry.npmjs.org/@types/uuid/-/uuid-8.3.0.tgz"
  "version" "8.3.0"

"@vue/compiler-sfc@2.7.10":
  "integrity" "sha512-55Shns6WPxlYsz4WX7q9ZJBL77sKE1ZAYNYStLs6GbhIOMrNtjMvzcob6gu3cGlfpCR4bT7NXgyJ3tly2+Hx8Q=="
  "resolved" "https://registry.npmjs.org/@vue/compiler-sfc/-/compiler-sfc-2.7.10.tgz"
  "version" "2.7.10"
  dependencies:
    "@babel/parser" "^7.18.4"
    "postcss" "^8.4.14"
    "source-map" "^0.6.1"

"ajv-keywords@^3.1.0":
  "integrity" "sha512-5p6WTN0DdTGVQk6VjcEju19IgaHudalcfabD7yhDGeA6bcQnmL+CpveLJq/3hvfwd1aof6L386Ougkx6RfyMIQ=="
  "resolved" "https://registry.npmjs.org/ajv-keywords/-/ajv-keywords-3.5.2.tgz"
  "version" "3.5.2"

"ajv@^6.1.0", "ajv@^6.9.1":
  "integrity" "sha512-j3fVLgvTo527anyYyJOGTYJbG+vnnQYvE0m5mmkc1TK+nxAppkCLMIL0aZ4dblVCNoGShhm+kzE4ZUykBoMg4g=="
  "resolved" "https://registry.npmjs.org/ajv/-/ajv-6.12.6.tgz"
  "version" "6.12.6"
  dependencies:
    "fast-deep-equal" "^3.1.1"
    "fast-json-stable-stringify" "^2.0.0"
    "json-schema-traverse" "^0.4.1"
    "uri-js" "^4.2.2"

"big.js@^5.2.2":
  "integrity" "sha512-vyL2OymJxmarO8gxMr0mhChsO9QGwhynfuu4+MHTAW6czfq9humCB7rKpUjDd9YUiDPU4mzpyupFSvOClAwbmQ=="
  "resolved" "https://registry.npmjs.org/big.js/-/big.js-5.2.2.tgz"
  "version" "5.2.2"

"csstype@^3.1.0":
  "integrity" "sha512-uX1KG+x9h5hIJsaKR9xHUeUraxf8IODOwq9JLNPq6BwB04a/xgpq3rcx47l5BZu5zBPlgD342tdke3Hom/nJRA=="
  "resolved" "https://registry.npmjs.org/csstype/-/csstype-3.1.0.tgz"
  "version" "3.1.0"

"dexie-export-import@^1.0.0":
  "integrity" "sha512-mqtREaI+/tSEfpwOZeYNyX+FfCxTYt0RB4BIevX4wFGMQL1mQ0cWfIGXBpoRGEnHdiHbf3QNK2+0Ras3dNJfIQ=="
  "resolved" "https://registry.npmjs.org/dexie-export-import/-/dexie-export-import-1.0.0.tgz"
  "version" "1.0.0"
  dependencies:
    "dexie" "^3.0.0-alpha.5 || ^2.0.4"

"dexie@^3.0.0-alpha.5 || ^2.0.4", "dexie@^3.0.2":
  "integrity" "sha512-q5dC3HPmir2DERlX+toCBbHQXW5MsyrFqPFcovkH9N2S/UW/H3H5AWAB6iEOExeraAu+j+zRDG+zg/D7YhH0qg=="
  "resolved" "https://registry.npmjs.org/dexie/-/dexie-3.2.2.tgz"
  "version" "3.2.2"

"emojis-list@^3.0.0":
  "integrity" "sha512-/kyM18EfinwXZbno9FyUGeFh87KC8HRQBQGildHZbEuRyWFOmv1U10o9BBp8XVZDVNNuQKyIGIu5ZYAAXJ0V2Q=="
  "resolved" "https://registry.npmjs.org/emojis-list/-/emojis-list-3.0.0.tgz"
  "version" "3.0.0"

"fast-deep-equal@^3.1.1":
  "integrity" "sha512-f3qQ9oQy9j2AhBe/H9VC91wLmKBCCU/gDOnKNAYG5hswO7BLKj09Hc5HYNz9cGI++xlpDCIgDaitVs03ATR84Q=="
  "resolved" "https://registry.npmjs.org/fast-deep-equal/-/fast-deep-equal-3.1.3.tgz"
  "version" "3.1.3"

"fast-json-stable-stringify@^2.0.0":
  "integrity" "sha512-lhd/wF+Lk98HZoTCtlVraHtfh5XYijIjalXck7saUtuanSDyLMxnHhSXEDJqHxD7msR8D0uCmqlkwjCV8xvwHw=="
  "resolved" "https://registry.npmjs.org/fast-json-stable-stringify/-/fast-json-stable-stringify-2.1.0.tgz"
  "version" "2.1.0"

"is-absolute@^1.0.0":
  "integrity" "sha512-dOWoqflvcydARa360Gvv18DZ/gRuHKi2NU/wU5X1ZFzdYfH29nkiNZsF3mp4OJ3H4yo9Mx8A/uAGNzpzPN3yBA=="
  "resolved" "https://registry.npmjs.org/is-absolute/-/is-absolute-1.0.0.tgz"
  "version" "1.0.0"
  dependencies:
    "is-relative" "^1.0.0"
    "is-windows" "^1.0.1"

"is-relative@^1.0.0":
  "integrity" "sha512-Kw/ReK0iqwKeu0MITLFuj0jbPAmEiOsIwyIXvvbfa6QfmN9pkD1M+8pdk7Rl/dTKbH34/XBFMbgD4iMJhLQbGA=="
  "resolved" "https://registry.npmjs.org/is-relative/-/is-relative-1.0.0.tgz"
  "version" "1.0.0"
  dependencies:
    "is-unc-path" "^1.0.0"

"is-unc-path@^1.0.0":
  "integrity" "sha512-mrGpVd0fs7WWLfVsStvgF6iEJnbjDFZh9/emhRDcGWTduTfNHd9CHeUwH3gYIjdbwo4On6hunkztwOaAw0yllQ=="
  "resolved" "https://registry.npmjs.org/is-unc-path/-/is-unc-path-1.0.0.tgz"
  "version" "1.0.0"
  dependencies:
    "unc-path-regex" "^0.1.2"

"is-windows@^1.0.1":
  "integrity" "sha512-eXK1UInq2bPmjyX6e3VHIzMLobc4J94i4AWn+Hpq3OU5KkrRC96OAcR3PRJ/pGu6m8TRnBHP9dkXQVsT/COVIA=="
  "resolved" "https://registry.npmjs.org/is-windows/-/is-windows-1.0.2.tgz"
  "version" "1.0.2"

"json-schema-traverse@^0.4.1":
  "integrity" "sha512-xbbCH5dCYU5T8LcEhhuh7HJ88HXuW3qsI3Y0zOZFKfZEHcpWiHU/Jxzk629Brsab/mMiHQti9wMP+845RPe3Vg=="
  "resolved" "https://registry.npmjs.org/json-schema-traverse/-/json-schema-traverse-0.4.1.tgz"
  "version" "0.4.1"

"json5@^1.0.1":
  "integrity" "sha512-aKS4WQjPenRxiQsC93MNfjx+nbF4PAdYzmd/1JIj8HYzqfbu86beTuNgXDzPknWk0n0uARlyewZo4s++ES36Ow=="
  "resolved" "https://registry.npmjs.org/json5/-/json5-1.0.1.tgz"
  "version" "1.0.1"
  dependencies:
    "minimist" "^1.2.0"

"loader-utils@^1.1.0":
  "integrity" "sha512-qH0WSMBtn/oHuwjy/NucEgbx5dbxxnxup9s4PVXJUDHZBQY+s0NWA9rJf53RBnQZxfch7euUui7hpoAPvALZdA=="
  "resolved" "https://registry.npmjs.org/loader-utils/-/loader-utils-1.4.0.tgz"
  "version" "1.4.0"
  dependencies:
    "big.js" "^5.2.2"
    "emojis-list" "^3.0.0"
    "json5" "^1.0.1"

"map-cache@^0.2.0":
  "integrity" "sha1-wyq9C9ZSXZsFFkW7TyasXcmKDb8= sha512-8y/eV9QQZCiyn1SprXSrCmqJN0yNRATe+PO8ztwqrvrbdRLA3eYJF0yaR0YayLWkMbsQSKWS9N2gPcGEc4UsZg=="
  "resolved" "https://registry.npmjs.org/map-cache/-/map-cache-0.2.2.tgz"
  "version" "0.2.2"

"mime@2.3.1":
  "integrity" "sha512-OEUllcVoydBHGN1z84yfQDimn58pZNNNXgZlHXSboxMlFvgI6MXSWpWKpFRra7H1HxpVhHTkrghfRW49k6yjeg=="
  "resolved" "https://registry.npmjs.org/mime/-/mime-2.3.1.tgz"
  "version" "2.3.1"

"minimist@^1.2.0":
  "integrity" "sha512-Jsjnk4bw3YJqYzbdyBiNsPWHPfO++UGG749Cxs6peCu5Xg4nrena6OVxOYxrQTqww0Jmwt+Ref8rggumkTLz9Q=="
  "resolved" "https://registry.npmjs.org/minimist/-/minimist-1.2.6.tgz"
  "version" "1.2.6"

"nanoid@^3.3.4":
  "integrity" "sha512-MqBkQh/OHTS2egovRtLk45wEyNXwF+cokD+1YPf9u5VfJiRdAiRwB2froX5Co9Rh20xs4siNPm8naNotSD6RBw=="
  "resolved" "https://registry.npmjs.org/nanoid/-/nanoid-3.3.4.tgz"
  "version" "3.3.4"

"normalize-path@^3.0.0":
  "integrity" "sha512-6eZs5Ls3WtCisHWp9S2GUy8dqkpGi4BVSz3GaqiE6ezub0512ESztXUwUB6C6IKbQkY2Pnb/mD4WYojCRwcwLA=="
  "resolved" "https://registry.npmjs.org/normalize-path/-/normalize-path-3.0.0.tgz"
  "version" "3.0.0"

"parse-filepath@^1.0.2":
  "integrity" "sha1-pjISf1Oq89FYdvWHLz/6x2PWyJE= sha512-FwdRXKCohSVeXqwtYonZTXtbGJKrn+HNyWDYVcp5yuJlesTwNH4rsmRZ+GrKAPJ5bLpRxESMeS+Rl0VCHRvB2Q=="
  "resolved" "https://registry.npmjs.org/parse-filepath/-/parse-filepath-1.0.2.tgz"
  "version" "1.0.2"
  dependencies:
    "is-absolute" "^1.0.0"
    "map-cache" "^0.2.0"
    "path-root" "^0.1.1"

"path-directories@^1.0.1":
  "integrity" "sha512-y/kuKXXcCfbLoCu/84Ys+Ot7XaZc0jpLneDX44Qe9D6nbmQXgO5wy8+XR4swFs2X2x1iIIQD5Q5zQxZJXwq0Iw=="
  "resolved" "https://registry.npmjs.org/path-directories/-/path-directories-1.0.2.tgz"
  "version" "1.0.2"

"path-root-regex@^0.1.0":
  "integrity" "sha1-v8zcjfWxLcUsi0PsONGNcsBLqW0= sha512-4GlJ6rZDhQZFE0DPVKh0e9jmZ5egZfxTkp7bcRDuPlJXbAwhxcl2dINPUAsjLdejqaLsCeg8axcLjIbvBjN4pQ=="
  "resolved" "https://registry.npmjs.org/path-root-regex/-/path-root-regex-0.1.2.tgz"
  "version" "0.1.2"

"path-root@^0.1.1":
  "integrity" "sha1-mkpoFMrBwM1zNgqV8yCDyOpHRbc= sha512-QLcPegTHF11axjfojBIoDygmS2E3Lf+8+jI6wOVmNVenrKSo3mFdSGiIgdSHenczw3wPtlVMQaFVwGmM7BJdtg=="
  "resolved" "https://registry.npmjs.org/path-root/-/path-root-0.1.1.tgz"
  "version" "0.1.1"
  dependencies:
    "path-root-regex" "^0.1.0"

"picocolors@^1.0.0":
  "integrity" "sha512-1fygroTLlHu66zi26VoTDv8yRgm0Fccecssto+MhsZ0D/DGW2sm8E8AjW7NU5VVTRt5GxbeZ5qBuJr+HyLYkjQ=="
  "resolved" "https://registry.npmjs.org/picocolors/-/picocolors-1.0.0.tgz"
  "version" "1.0.0"

"postcss@^8.4.14":
  "integrity" "sha512-ipHE1XBvKzm5xI7hiHCZJCSugxvsdq2mPnsq5+UF+VHCjiBvtDrlxJfMBToWaP9D5XlgNmcFGqoHmUn0EYEaRQ=="
  "resolved" "https://registry.npmjs.org/postcss/-/postcss-8.4.16.tgz"
  "version" "8.4.16"
  dependencies:
    "nanoid" "^3.3.4"
    "picocolors" "^1.0.0"
    "source-map-js" "^1.0.2"

"punycode@^2.1.0":
  "integrity" "sha512-XRsRjdf+j5ml+y/6GKHPZbrF/8p2Yga0JPtdqTIY2Xe5ohJPD9saDJJLPvp9+NSBprVvevdXZybnj2cv8OEd0A=="
  "resolved" "https://registry.npmjs.org/punycode/-/punycode-2.1.1.tgz"
  "version" "2.1.1"

"schema-utils@^0.4.5":
  "integrity" "sha512-v/iwU6wvwGK8HbU9yi3/nhGzP0yGSuhQMzL6ySiec1FSrZZDkhm4noOSWzrNFo/jEc+SJY6jRTwuwbSXJPDUnQ=="
  "resolved" "https://registry.npmjs.org/schema-utils/-/schema-utils-0.4.7.tgz"
  "version" "0.4.7"
  dependencies:
    "ajv" "^6.1.0"
    "ajv-keywords" "^3.1.0"

"sl-vue-tree@^1.7.0":
  "integrity" "sha512-Gdzbp1NwgJxmhlEZ++V6mpYNfDCE2aZv2oknjnuD8C18sPUQYR0tQXKcHe5KF/Yg5X6yFPFycF8RLlfwNI41Aw=="
  "resolved" "https://registry.npmjs.org/sl-vue-tree/-/sl-vue-tree-1.8.5.tgz"
  "version" "1.8.5"

"sortablejs@^1.10.1":
  "integrity" "sha512-YkPGufevysvfwn5rfdlGyrGjt7/CRHwvRPogD/lC+TnvcN29jDpCifKP+rBqf+LRldfXSTh+0CGLcSg0VIxq3A=="
  "resolved" "https://registry.npmjs.org/sortablejs/-/sortablejs-1.10.2.tgz"
  "version" "1.10.2"

"source-map-js@^1.0.2":
  "integrity" "sha512-R0XvVJ9WusLiqTCEiGCmICCMplcCkIwwR11mOSD9CR5u+IXYdiseeEuXCVAjS54zqwkLcPNnmU4OeJ6tUrWhDw=="
  "resolved" "https://registry.npmjs.org/source-map-js/-/source-map-js-1.0.2.tgz"
  "version" "1.0.2"

"source-map@^0.6.1":
  "integrity" "sha512-UjgapumWlbMhkBgzT7Ykc5YXUT46F0iKu8SGXq0bcwP5dz/h0Plj6enJqjz1Zbq2l5WaqYnrVbwWOWMyF3F47g=="
  "resolved" "https://registry.npmjs.org/source-map/-/source-map-0.6.1.tgz"
  "version" "0.6.1"

"style-loader@^0.21.0":
  "integrity" "sha512-T+UNsAcl3Yg+BsPKs1vd22Fr8sVT+CJMtzqc6LEw9bbJZb43lm9GoeIfUcDEefBSWC0BhYbcdupV1GtI4DGzxg=="
  "resolved" "https://registry.npmjs.org/style-loader/-/style-loader-0.21.0.tgz"
  "version" "0.21.0"
  dependencies:
    "loader-utils" "^1.1.0"
    "schema-utils" "^0.4.5"

"unc-path-regex@^0.1.2":
  "integrity" "sha1-5z3T17DXxe2G+6xrCufYxqadUPo= sha512-eXL4nmJT7oCpkZsHZUOJo8hcX3GbsiDOa0Qu9F646fi8dT3XuSVopVqAcEiVzSKKH7UoDti23wNX3qGFxcW5Qg=="
  "resolved" "https://registry.npmjs.org/unc-path-regex/-/unc-path-regex-0.1.2.tgz"
  "version" "0.1.2"

"uri-js@^4.2.2":
  "integrity" "sha512-7rKUyy33Q1yc98pQ1DAmLtwX109F7TIfWlW1Ydo8Wl1ii1SeHieeh0HHfPeL2fMXK6z0s8ecKs9frCuLJvndBg=="
  "resolved" "https://registry.npmjs.org/uri-js/-/uri-js-4.4.1.tgz"
  "version" "4.4.1"
  dependencies:
    "punycode" "^2.1.0"

"uuid@^8.1.0":
  "integrity" "sha512-fX6Z5o4m6XsXBdli9g7DtWgAx+osMsRRZFKma1mIUsLCz6vRvv+pz5VNbyu9UEDzpMWulZfvpgb/cmDXVulYFQ=="
  "resolved" "https://registry.npmjs.org/uuid/-/uuid-8.3.0.tgz"
  "version" "8.3.0"

"vue-file-tree@github:robogeek/vue-file-tree":
  "resolved" "git+ssh://git@github.com/robogeek/vue-file-tree.git#2ae547229d6a217f91a849a0b859dd607b0570b0"
  "version" "0.1.0"
  dependencies:
    "@fortawesome/fontawesome-svg-core" "^1.2.2"
    "@fortawesome/free-brands-svg-icons" "^5.2.0"
    "@fortawesome/free-regular-svg-icons" "^5.2.0"
    "@fortawesome/free-solid-svg-icons" "^5.2.0"
    "@fortawesome/vue-fontawesome" "^0.1.1"
    "mime" "2.3.1"
    "normalize-path" "^3.0.0"
    "parse-filepath" "^1.0.2"
    "path-directories" "^1.0.1"
    "sl-vue-tree" "^1.7.0"
    "style-loader" "^0.21.0"
    "walkdir" "0.0.12"

"vue-uuid@^2.0.2":
  "integrity" "sha512-PRf1CHg3uKi77bVRyAuW2u/T2PO9LxMr7cw9t9rNdpZTkNDyw1Fx6eJVL+8JOtM9VxxPkoZ/rwhXJ5l+X5AYzQ=="
  "resolved" "https://registry.npmjs.org/vue-uuid/-/vue-uuid-2.0.2.tgz"
  "version" "2.0.2"
  dependencies:
    "@types/uuid" "^8.0.0"
    "uuid" "^8.1.0"

"vue@~2":
  "integrity" "sha512-HmFC70qarSHPXcKtW8U8fgIkF6JGvjEmDiVInTkKZP0gIlEPhlVlcJJLkdGIDiNkIeA2zJPQTWJUI4iWe+AVfg=="
  "resolved" "https://registry.npmjs.org/vue/-/vue-2.7.10.tgz"
  "version" "2.7.10"
  dependencies:
    "@vue/compiler-sfc" "2.7.10"
    "csstype" "^3.1.0"

"vuedraggable@^2.24.1":
  "integrity" "sha512-G1fxO1oshx+WLdieSGl6jSJdlHOQFga1FpjuUpgXldbpKNzxpjsGn4xYNnRHVrOAqm8aG5FfpdQlh5LHesxCeA=="
  "resolved" "https://registry.npmjs.org/vuedraggable/-/vuedraggable-2.24.1.tgz"
  "version" "2.24.1"
  dependencies:
    "sortablejs" "^1.10.1"

"walkdir@0.0.12":
  "integrity" "sha512-HFhaD4mMWPzFSqhpyDG48KDdrjfn409YQuVW7ckZYhW4sE87mYtWifdB/+73RA7+p4s4K18n5Jfx1kHthE1gBw=="
  "resolved" "https://registry.npmjs.org/walkdir/-/walkdir-0.0.12.tgz"
  "version" "0.0.12"
