# THIS IS AN AUTOGENERATED FILE. DO NOT EDIT THIS FILE DIRECTLY.
# yarn lockfile v1


dexie@^3.0.2:
  version "3.0.2"
  resolved "https://registry.yarnpkg.com/dexie/-/dexie-3.0.2.tgz#4b979904d739e0530b68352005f175a82633a075"
  integrity sha512-go4FnIoAhcUiCdxutfIZRxnSaSyDgfEq+GH7N0I8nTCJbC2FmeBj+0FrETa3ln5ix+VQMOPsFeYHlgE/8SZWwQ==
