# THIS IS AN AUTOGENERATED FILE. DO NOT EDIT THIS FILE DIRECTLY.
# yarn lockfile v1


"@fortawesome/fontawesome-common-types@^0.2.34":
  version "0.2.34"
  resolved "https://registry.yarnpkg.com/@fortawesome/fontawesome-common-types/-/fontawesome-common-types-0.2.34.tgz#0a8c348bb23b7b760030f5b1d912e582be4ec915"
  integrity sha512-XcIn3iYbTEzGIxD0/dY5+4f019jIcEIWBiHc3KrmK/ROahwxmZ/s+tdj97p/5K0klz4zZUiMfUlYP0ajhSJjmA==

"@fortawesome/fontawesome-svg-core@^1.2.2":
  version "1.2.34"
  resolved "https://registry.yarnpkg.com/@fortawesome/fontawesome-svg-core/-/fontawesome-svg-core-1.2.34.tgz#1d1a7c92537cbc2b8a83eef6b6d824b4b5b46b26"
  integrity sha512-0KNN0nc5eIzaJxlv43QcDmTkDY1CqeN6J7OCGSs+fwGPdtv0yOQqRjieopBCmw+yd7uD3N2HeNL3Zm5isDleLg==
  dependencies:
    "@fortawesome/fontawesome-common-types" "^0.2.34"

"@fortawesome/free-brands-svg-icons@^5.2.0":
  version "5.15.2"
  resolved "https://registry.yarnpkg.com/@fortawesome/free-brands-svg-icons/-/free-brands-svg-icons-5.15.2.tgz#d74e2540b5552b915d6bef719f17e361b70a8d65"
  integrity sha512-YPlVjE1cEO+OJ9I9ay3TQ3I88+XkxMTYwnnddqAboxLhPNGncsHV0DjWOVLCyuAY66yPfyndWwVn4v7vuqsO1g==
  dependencies:
    "@fortawesome/fontawesome-common-types" "^0.2.34"

"@fortawesome/free-regular-svg-icons@^5.2.0":
  version "5.15.2"
  resolved "https://registry.yarnpkg.com/@fortawesome/free-regular-svg-icons/-/free-regular-svg-icons-5.15.2.tgz#61eeb8c206e792c530eaa58279cc32c55332fe8f"
  integrity sha512-Uv5NQCYjyisNVTu/1Xjs+z8vwQjbfT6hiqYvQNfF0n8qdgfWLM581bAfVMQ3BCs1SPy+eEUKNcGkK4n0FihFHg==
  dependencies:
    "@fortawesome/fontawesome-common-types" "^0.2.34"

"@fortawesome/free-solid-svg-icons@^5.2.0":
  version "5.15.2"
  resolved "https://registry.yarnpkg.com/@fortawesome/free-solid-svg-icons/-/free-solid-svg-icons-5.15.2.tgz#25bb035de57cf85aee8072965732368ccc8e8943"
  integrity sha512-ZfCU+QjaFsdNZmOGmfqEWhzI3JOe37x5dF4kz9GeXvKn/sTxhqMtZ7mh3lBf76SvcYY5/GKFuyG7p1r4iWMQqw==
  dependencies:
    "@fortawesome/fontawesome-common-types" "^0.2.34"

"@fortawesome/vue-fontawesome@^0.1.1":
  version "0.1.10"
  resolved "https://registry.yarnpkg.com/@fortawesome/vue-fontawesome/-/vue-fontawesome-0.1.10.tgz#eeeec1e4e8850bed0468f938292b06cda793bf34"
  integrity sha512-b2+SLF31h32LSepVcXe+BQ63yvbq5qmTCy4KfFogCYm2bn68H5sDWUnX+U7MBqnM2aeEk9M7xSoqGnu+wSdY6w==

"@types/uuid@^8.0.0":
  version "8.3.0"
  resolved "https://registry.yarnpkg.com/@types/uuid/-/uuid-8.3.0.tgz#215c231dff736d5ba92410e6d602050cce7e273f"
  integrity sha512-eQ9qFW/fhfGJF8WKHGEHZEyVWfZxrT+6CLIJGBcZPfxUh/+BnEj+UCGYMlr9qZuX/2AltsvwrGqp0LhEW8D0zQ==

ajv-keywords@^3.1.0:
  version "3.5.2"
  resolved "https://registry.yarnpkg.com/ajv-keywords/-/ajv-keywords-3.5.2.tgz#31f29da5ab6e00d1c2d329acf7b5929614d5014d"
  integrity sha512-5p6WTN0DdTGVQk6VjcEju19IgaHudalcfabD7yhDGeA6bcQnmL+CpveLJq/3hvfwd1aof6L386Ougkx6RfyMIQ==

ajv@^6.1.0:
  version "6.12.6"
  resolved "https://registry.yarnpkg.com/ajv/-/ajv-6.12.6.tgz#baf5a62e802b07d977034586f8c3baf5adf26df4"
  integrity sha512-j3fVLgvTo527anyYyJOGTYJbG+vnnQYvE0m5mmkc1TK+nxAppkCLMIL0aZ4dblVCNoGShhm+kzE4ZUykBoMg4g==
  dependencies:
    fast-deep-equal "^3.1.1"
    fast-json-stable-stringify "^2.0.0"
    json-schema-traverse "^0.4.1"
    uri-js "^4.2.2"

big.js@^5.2.2:
  version "5.2.2"
  resolved "https://registry.yarnpkg.com/big.js/-/big.js-5.2.2.tgz#65f0af382f578bcdc742bd9c281e9cb2d7768328"
  integrity sha512-vyL2OymJxmarO8gxMr0mhChsO9QGwhynfuu4+MHTAW6czfq9humCB7rKpUjDd9YUiDPU4mzpyupFSvOClAwbmQ==

dexie-export-import@^1.0.0:
  version "1.0.0"
  resolved "https://registry.yarnpkg.com/dexie-export-import/-/dexie-export-import-1.0.0.tgz#2e2cc375a416f540c89d2a39f623d297077221a4"
  integrity sha512-mqtREaI+/tSEfpwOZeYNyX+FfCxTYt0RB4BIevX4wFGMQL1mQ0cWfIGXBpoRGEnHdiHbf3QNK2+0Ras3dNJfIQ==
  dependencies:
    dexie "^3.0.0-alpha.5 || ^2.0.4"

"dexie@^3.0.0-alpha.5 || ^2.0.4":
  version "3.0.3"
  resolved "https://registry.yarnpkg.com/dexie/-/dexie-3.0.3.tgz#ede63849dfe5f07e13e99bb72a040e8ac1d29dab"
  integrity sha512-BSFhGpngnCl1DOr+8YNwBDobRMH0ziJs2vts69VilwetHYOtEDcLqo7d/XiIphM0tJZ2rPPyAGd31lgH2Ln3nw==

dexie@^3.0.2:
  version "3.0.2"
  resolved "https://registry.yarnpkg.com/dexie/-/dexie-3.0.2.tgz#4b979904d739e0530b68352005f175a82633a075"
  integrity sha512-go4FnIoAhcUiCdxutfIZRxnSaSyDgfEq+GH7N0I8nTCJbC2FmeBj+0FrETa3ln5ix+VQMOPsFeYHlgE/8SZWwQ==

emojis-list@^3.0.0:
  version "3.0.0"
  resolved "https://registry.yarnpkg.com/emojis-list/-/emojis-list-3.0.0.tgz#5570662046ad29e2e916e71aae260abdff4f6a78"
  integrity sha512-/kyM18EfinwXZbno9FyUGeFh87KC8HRQBQGildHZbEuRyWFOmv1U10o9BBp8XVZDVNNuQKyIGIu5ZYAAXJ0V2Q==

fast-deep-equal@^3.1.1:
  version "3.1.3"
  resolved "https://registry.yarnpkg.com/fast-deep-equal/-/fast-deep-equal-3.1.3.tgz#3a7d56b559d6cbc3eb512325244e619a65c6c525"
  integrity sha512-f3qQ9oQy9j2AhBe/H9VC91wLmKBCCU/gDOnKNAYG5hswO7BLKj09Hc5HYNz9cGI++xlpDCIgDaitVs03ATR84Q==

fast-json-stable-stringify@^2.0.0:
  version "2.1.0"
  resolved "https://registry.yarnpkg.com/fast-json-stable-stringify/-/fast-json-stable-stringify-2.1.0.tgz#874bf69c6f404c2b5d99c481341399fd55892633"
  integrity sha512-lhd/wF+Lk98HZoTCtlVraHtfh5XYijIjalXck7saUtuanSDyLMxnHhSXEDJqHxD7msR8D0uCmqlkwjCV8xvwHw==

is-absolute@^1.0.0:
  version "1.0.0"
  resolved "https://registry.yarnpkg.com/is-absolute/-/is-absolute-1.0.0.tgz#395e1ae84b11f26ad1795e73c17378e48a301576"
  integrity sha512-dOWoqflvcydARa360Gvv18DZ/gRuHKi2NU/wU5X1ZFzdYfH29nkiNZsF3mp4OJ3H4yo9Mx8A/uAGNzpzPN3yBA==
  dependencies:
    is-relative "^1.0.0"
    is-windows "^1.0.1"

is-relative@^1.0.0:
  version "1.0.0"
  resolved "https://registry.yarnpkg.com/is-relative/-/is-relative-1.0.0.tgz#a1bb6935ce8c5dba1e8b9754b9b2dcc020e2260d"
  integrity sha512-Kw/ReK0iqwKeu0MITLFuj0jbPAmEiOsIwyIXvvbfa6QfmN9pkD1M+8pdk7Rl/dTKbH34/XBFMbgD4iMJhLQbGA==
  dependencies:
    is-unc-path "^1.0.0"

is-unc-path@^1.0.0:
  version "1.0.0"
  resolved "https://registry.yarnpkg.com/is-unc-path/-/is-unc-path-1.0.0.tgz#d731e8898ed090a12c352ad2eaed5095ad322c9d"
  integrity sha512-mrGpVd0fs7WWLfVsStvgF6iEJnbjDFZh9/emhRDcGWTduTfNHd9CHeUwH3gYIjdbwo4On6hunkztwOaAw0yllQ==
  dependencies:
    unc-path-regex "^0.1.2"

is-windows@^1.0.1:
  version "1.0.2"
  resolved "https://registry.yarnpkg.com/is-windows/-/is-windows-1.0.2.tgz#d1850eb9791ecd18e6182ce12a30f396634bb19d"
  integrity sha512-eXK1UInq2bPmjyX6e3VHIzMLobc4J94i4AWn+Hpq3OU5KkrRC96OAcR3PRJ/pGu6m8TRnBHP9dkXQVsT/COVIA==

json-schema-traverse@^0.4.1:
  version "0.4.1"
  resolved "https://registry.yarnpkg.com/json-schema-traverse/-/json-schema-traverse-0.4.1.tgz#69f6a87d9513ab8bb8fe63bdb0979c448e684660"
  integrity sha512-xbbCH5dCYU5T8LcEhhuh7HJ88HXuW3qsI3Y0zOZFKfZEHcpWiHU/Jxzk629Brsab/mMiHQti9wMP+845RPe3Vg==

json5@^1.0.1:
  version "1.0.1"
  resolved "https://registry.yarnpkg.com/json5/-/json5-1.0.1.tgz#779fb0018604fa854eacbf6252180d83543e3dbe"
  integrity sha512-aKS4WQjPenRxiQsC93MNfjx+nbF4PAdYzmd/1JIj8HYzqfbu86beTuNgXDzPknWk0n0uARlyewZo4s++ES36Ow==
  dependencies:
    minimist "^1.2.0"

loader-utils@^1.1.0:
  version "1.4.0"
  resolved "https://registry.yarnpkg.com/loader-utils/-/loader-utils-1.4.0.tgz#c579b5e34cb34b1a74edc6c1fb36bfa371d5a613"
  integrity sha512-qH0WSMBtn/oHuwjy/NucEgbx5dbxxnxup9s4PVXJUDHZBQY+s0NWA9rJf53RBnQZxfch7euUui7hpoAPvALZdA==
  dependencies:
    big.js "^5.2.2"
    emojis-list "^3.0.0"
    json5 "^1.0.1"

map-cache@^0.2.0:
  version "0.2.2"
  resolved "https://registry.yarnpkg.com/map-cache/-/map-cache-0.2.2.tgz#c32abd0bd6525d9b051645bb4f26ac5dc98a0dbf"
  integrity sha1-wyq9C9ZSXZsFFkW7TyasXcmKDb8=

mime@2.3.1:
  version "2.3.1"
  resolved "https://registry.yarnpkg.com/mime/-/mime-2.3.1.tgz#b1621c54d63b97c47d3cfe7f7215f7d64517c369"
  integrity sha512-OEUllcVoydBHGN1z84yfQDimn58pZNNNXgZlHXSboxMlFvgI6MXSWpWKpFRra7H1HxpVhHTkrghfRW49k6yjeg==

minimist@^1.2.0:
  version "1.2.6"
  resolved "https://registry.yarnpkg.com/minimist/-/minimist-1.2.6.tgz#8637a5b759ea0d6e98702cfb3a9283323c93af44"
  integrity sha512-Jsjnk4bw3YJqYzbdyBiNsPWHPfO++UGG749Cxs6peCu5Xg4nrena6OVxOYxrQTqww0Jmwt+Ref8rggumkTLz9Q==

normalize-path@^3.0.0:
  version "3.0.0"
  resolved "https://registry.yarnpkg.com/normalize-path/-/normalize-path-3.0.0.tgz#0dcd69ff23a1c9b11fd0978316644a0388216a65"
  integrity sha512-6eZs5Ls3WtCisHWp9S2GUy8dqkpGi4BVSz3GaqiE6ezub0512ESztXUwUB6C6IKbQkY2Pnb/mD4WYojCRwcwLA==

parse-filepath@^1.0.2:
  version "1.0.2"
  resolved "https://registry.yarnpkg.com/parse-filepath/-/parse-filepath-1.0.2.tgz#a632127f53aaf3d15876f5872f3ffac763d6c891"
  integrity sha1-pjISf1Oq89FYdvWHLz/6x2PWyJE=
  dependencies:
    is-absolute "^1.0.0"
    map-cache "^0.2.0"
    path-root "^0.1.1"

path-directories@^1.0.1:
  version "1.0.2"
  resolved "https://registry.yarnpkg.com/path-directories/-/path-directories-1.0.2.tgz#55e3163422d0d4d01daa366e8235a5ebf2045a5b"
  integrity sha512-y/kuKXXcCfbLoCu/84Ys+Ot7XaZc0jpLneDX44Qe9D6nbmQXgO5wy8+XR4swFs2X2x1iIIQD5Q5zQxZJXwq0Iw==

path-root-regex@^0.1.0:
  version "0.1.2"
  resolved "https://registry.yarnpkg.com/path-root-regex/-/path-root-regex-0.1.2.tgz#bfccdc8df5b12dc52c8b43ec38d18d72c04ba96d"
  integrity sha1-v8zcjfWxLcUsi0PsONGNcsBLqW0=

path-root@^0.1.1:
  version "0.1.1"
  resolved "https://registry.yarnpkg.com/path-root/-/path-root-0.1.1.tgz#9a4a6814cac1c0cd73360a95f32083c8ea4745b7"
  integrity sha1-mkpoFMrBwM1zNgqV8yCDyOpHRbc=
  dependencies:
    path-root-regex "^0.1.0"

punycode@^2.1.0:
  version "2.1.1"
  resolved "https://registry.yarnpkg.com/punycode/-/punycode-2.1.1.tgz#b58b010ac40c22c5657616c8d2c2c02c7bf479ec"
  integrity sha512-XRsRjdf+j5ml+y/6GKHPZbrF/8p2Yga0JPtdqTIY2Xe5ohJPD9saDJJLPvp9+NSBprVvevdXZybnj2cv8OEd0A==

schema-utils@^0.4.5:
  version "0.4.7"
  resolved "https://registry.yarnpkg.com/schema-utils/-/schema-utils-0.4.7.tgz#ba74f597d2be2ea880131746ee17d0a093c68187"
  integrity sha512-v/iwU6wvwGK8HbU9yi3/nhGzP0yGSuhQMzL6ySiec1FSrZZDkhm4noOSWzrNFo/jEc+SJY6jRTwuwbSXJPDUnQ==
  dependencies:
    ajv "^6.1.0"
    ajv-keywords "^3.1.0"

sl-vue-tree@^1.7.0:
  version "1.8.5"
  resolved "https://registry.yarnpkg.com/sl-vue-tree/-/sl-vue-tree-1.8.5.tgz#91d3078ead96647b756d0991002c27c429bd0c6a"
  integrity sha512-Gdzbp1NwgJxmhlEZ++V6mpYNfDCE2aZv2oknjnuD8C18sPUQYR0tQXKcHe5KF/Yg5X6yFPFycF8RLlfwNI41Aw==

sortablejs@^1.10.1:
  version "1.10.2"
  resolved "https://registry.yarnpkg.com/sortablejs/-/sortablejs-1.10.2.tgz#6e40364d913f98b85a14f6678f92b5c1221f5290"
  integrity sha512-YkPGufevysvfwn5rfdlGyrGjt7/CRHwvRPogD/lC+TnvcN29jDpCifKP+rBqf+LRldfXSTh+0CGLcSg0VIxq3A==

style-loader@^0.21.0:
  version "0.21.0"
  resolved "https://registry.yarnpkg.com/style-loader/-/style-loader-0.21.0.tgz#68c52e5eb2afc9ca92b6274be277ee59aea3a852"
  integrity sha512-T+UNsAcl3Yg+BsPKs1vd22Fr8sVT+CJMtzqc6LEw9bbJZb43lm9GoeIfUcDEefBSWC0BhYbcdupV1GtI4DGzxg==
  dependencies:
    loader-utils "^1.1.0"
    schema-utils "^0.4.5"

unc-path-regex@^0.1.2:
  version "0.1.2"
  resolved "https://registry.yarnpkg.com/unc-path-regex/-/unc-path-regex-0.1.2.tgz#e73dd3d7b0d7c5ed86fbac6b0ae7d8c6a69d50fa"
  integrity sha1-5z3T17DXxe2G+6xrCufYxqadUPo=

uri-js@^4.2.2:
  version "4.4.1"
  resolved "https://registry.yarnpkg.com/uri-js/-/uri-js-4.4.1.tgz#9b1a52595225859e55f669d928f88c6c57f2a77e"
  integrity sha512-7rKUyy33Q1yc98pQ1DAmLtwX109F7TIfWlW1Ydo8Wl1ii1SeHieeh0HHfPeL2fMXK6z0s8ecKs9frCuLJvndBg==
  dependencies:
    punycode "^2.1.0"

uuid@^8.1.0:
  version "8.3.0"
  resolved "https://registry.yarnpkg.com/uuid/-/uuid-8.3.0.tgz#ab738085ca22dc9a8c92725e459b1d507df5d6ea"
  integrity sha512-fX6Z5o4m6XsXBdli9g7DtWgAx+osMsRRZFKma1mIUsLCz6vRvv+pz5VNbyu9UEDzpMWulZfvpgb/cmDXVulYFQ==

"vue-file-tree@github:robogeek/vue-file-tree":
  version "0.1.0"
  resolved "https://codeload.github.com/robogeek/vue-file-tree/tar.gz/2ae547229d6a217f91a849a0b859dd607b0570b0"
  dependencies:
    "@fortawesome/fontawesome-svg-core" "^1.2.2"
    "@fortawesome/free-brands-svg-icons" "^5.2.0"
    "@fortawesome/free-regular-svg-icons" "^5.2.0"
    "@fortawesome/free-solid-svg-icons" "^5.2.0"
    "@fortawesome/vue-fontawesome" "^0.1.1"
    mime "2.3.1"
    normalize-path "^3.0.0"
    parse-filepath "^1.0.2"
    path-directories "^1.0.1"
    sl-vue-tree "^1.7.0"
    style-loader "^0.21.0"
    walkdir "0.0.12"

vue-uuid@^2.0.2:
  version "2.0.2"
  resolved "https://registry.yarnpkg.com/vue-uuid/-/vue-uuid-2.0.2.tgz#0cfb739e660a3af1d4e3342743578114f79b2438"
  integrity sha512-PRf1CHg3uKi77bVRyAuW2u/T2PO9LxMr7cw9t9rNdpZTkNDyw1Fx6eJVL+8JOtM9VxxPkoZ/rwhXJ5l+X5AYzQ==
  dependencies:
    "@types/uuid" "^8.0.0"
    uuid "^8.1.0"

vuedraggable@^2.24.1:
  version "2.24.1"
  resolved "https://registry.yarnpkg.com/vuedraggable/-/vuedraggable-2.24.1.tgz#304abd7644dde05c1f199a227bf9e9107f56197a"
  integrity sha512-G1fxO1oshx+WLdieSGl6jSJdlHOQFga1FpjuUpgXldbpKNzxpjsGn4xYNnRHVrOAqm8aG5FfpdQlh5LHesxCeA==
  dependencies:
    sortablejs "^1.10.1"

walkdir@0.0.12:
  version "0.0.12"
  resolved "https://registry.yarnpkg.com/walkdir/-/walkdir-0.0.12.tgz#2f24f1ade64aab1e458591d4442c8868356e9281"
  integrity sha512-HFhaD4mMWPzFSqhpyDG48KDdrjfn409YQuVW7ckZYhW4sE87mYtWifdB/+73RA7+p4s4K18n5Jfx1kHthE1gBw==
